
Microsoft Visual Studio Solution File, Format Version 12.00
# Visual Studio Version 17
VisualStudioVersion = 17.2.32526.322
MinimumVisualStudioVersion = 10.0.40219.1
Project("{FAE04EC0-301F-11D3-BF4B-00C04F79EFBC}") = "MvcCoreEfProcedures", "MvcCoreEfProcedures\MvcCoreEfProcedures.csproj", "{6FF23C76-11A2-44A1-8AE3-6BB161F72A2B}"
EndProject
Global
	GlobalSection(SolutionConfigurationPlatforms) = preSolution
		Debug|Any CPU = Debug|Any CPU
		Release|Any CPU = Release|Any CPU
	EndGlobalSection
	GlobalSection(ProjectConfigurationPlatforms) = postSolution
		{6FF23C76-11A2-44A1-8AE3-6BB161F72A2B}.Debug|Any CPU.ActiveCfg = Debug|Any CPU
		{6FF23C76-11A2-44A1-8AE3-6BB161F72A2B}.Debug|Any CPU.Build.0 = Debug|Any CPU
		{6FF23C76-11A2-44A1-8AE3-6BB161F72A2B}.Release|Any CPU.ActiveCfg = Release|Any CPU
		{6FF23C76-11A2-44A1-8AE3-6BB161F72A2B}.Release|Any CPU.Build.0 = Release|Any CPU
	EndGlobalSection
	GlobalSection(SolutionProperties) = preSolution
		HideSolutionNode = FALSE
	EndGlobalSection
	GlobalSection(ExtensibilityGlobals) = postSolution
		SolutionGuid = {D668466B-937C-4234-A88F-C46E8EAFC79C}
	EndGlobalSection
EndGlobal
